
Microsoft Visual Studio Solution File, Format Version 12.00
# Visual Studio Version 16
VisualStudioVersion = 16.0.32630.194
MinimumVisualStudioVersion = 10.0.40219.1
Project("{FAE04EC0-301F-11D3-BF4B-00C04F79EFBC}") = "SistemaFinanceiroSoN", "SistemaFinanceiroSoN\SistemaFinanceiroSoN.csproj", "{33DCF438-F208-421A-B093-2110A16701E2}"
EndProject
Project("{FAE04EC0-301F-11D3-BF4B-00C04F79EFBC}") = "Db", "Db\Db.csproj", "{6D953F94-AD52-4EB6-9CDB-EAF4B32AA6B7}"
EndProject
Project("{FAE04EC0-301F-11D3-BF4B-00C04F79EFBC}") = "Modelo", "Modelo\Modelo.csproj", "{6967A735-079E-4207-9943-059D83464AFC}"
EndProject
Project("{FAE04EC0-301F-11D3-BF4B-00C04F79EFBC}") = "Persistencia", "Persistencia\Persistencia.csproj", "{E464FDB7-13B8-49EA-8BFF-A01569624A98}"
EndProject
Global
	GlobalSection(SolutionConfigurationPlatforms) = preSolution
		Debug|Any CPU = Debug|Any CPU
		Release|Any CPU = Release|Any CPU
	EndGlobalSection
	GlobalSection(ProjectConfigurationPlatforms) = postSolution
		{33DCF438-F208-421A-B093-2110A16701E2}.Debug|Any CPU.ActiveCfg = Debug|Any CPU
		{33DCF438-F208-421A-B093-2110A16701E2}.Debug|Any CPU.Build.0 = Debug|Any CPU
		{33DCF438-F208-421A-B093-2110A16701E2}.Release|Any CPU.ActiveCfg = Release|Any CPU
		{33DCF438-F208-421A-B093-2110A16701E2}.Release|Any CPU.Build.0 = Release|Any CPU
		{6D953F94-AD52-4EB6-9CDB-EAF4B32AA6B7}.Debug|Any CPU.ActiveCfg = Debug|Any CPU
		{6D953F94-AD52-4EB6-9CDB-EAF4B32AA6B7}.Debug|Any CPU.Build.0 = Debug|Any CPU
		{6D953F94-AD52-4EB6-9CDB-EAF4B32AA6B7}.Release|Any CPU.ActiveCfg = Release|Any CPU
		{6D953F94-AD52-4EB6-9CDB-EAF4B32AA6B7}.Release|Any CPU.Build.0 = Release|Any CPU
		{6967A735-079E-4207-9943-059D83464AFC}.Debug|Any CPU.ActiveCfg = Debug|Any CPU
		{6967A735-079E-4207-9943-059D83464AFC}.Debug|Any CPU.Build.0 = Debug|Any CPU
		{6967A735-079E-4207-9943-059D83464AFC}.Release|Any CPU.ActiveCfg = Release|Any CPU
		{6967A735-079E-4207-9943-059D83464AFC}.Release|Any CPU.Build.0 = Release|Any CPU
		{E464FDB7-13B8-49EA-8BFF-A01569624A98}.Debug|Any CPU.ActiveCfg = Debug|Any CPU
		{E464FDB7-13B8-49EA-8BFF-A01569624A98}.Debug|Any CPU.Build.0 = Debug|Any CPU
		{E464FDB7-13B8-49EA-8BFF-A01569624A98}.Release|Any CPU.ActiveCfg = Release|Any CPU
		{E464FDB7-13B8-49EA-8BFF-A01569624A98}.Release|Any CPU.Build.0 = Release|Any CPU
	EndGlobalSection
	GlobalSection(SolutionProperties) = preSolution
		HideSolutionNode = FALSE
	EndGlobalSection
	GlobalSection(ExtensibilityGlobals) = postSolution
		SolutionGuid = {742106ED-FAC6-4C2B-BA16-1C8966980E8A}
	EndGlobalSection
EndGlobal
